
Microsoft Visual Studio Solution File, Format Version 12.00
# Visual Studio Version 17
VisualStudioVersion = 17.3.32901.215
MinimumVisualStudioVersion = 10.0.40219.1
Project("{FAE04EC0-301F-11D3-BF4B-00C04F79EFBC}") = "pryAriasExequielSp1", "pryAriasExequielSp1\pryAriasExequielSp1.csproj", "{2969ACFC-F24B-4F00-96F3-FF6DBD664DE6}"
EndProject
Global
	GlobalSection(SolutionConfigurationPlatforms) = preSolution
		Debug|Any CPU = Debug|Any CPU
		Release|Any CPU = Release|Any CPU
	EndGlobalSection
	GlobalSection(ProjectConfigurationPlatforms) = postSolution
		{2969ACFC-F24B-4F00-96F3-FF6DBD664DE6}.Debug|Any CPU.ActiveCfg = Debug|Any CPU
		{2969ACFC-F24B-4F00-96F3-FF6DBD664DE6}.Debug|Any CPU.Build.0 = Debug|Any CPU
		{2969ACFC-F24B-4F00-96F3-FF6DBD664DE6}.Release|Any CPU.ActiveCfg = Release|Any CPU
		{2969ACFC-F24B-4F00-96F3-FF6DBD664DE6}.Release|Any CPU.Build.0 = Release|Any CPU
	EndGlobalSection
	GlobalSection(SolutionProperties) = preSolution
		HideSolutionNode = FALSE
	EndGlobalSection
	GlobalSection(ExtensibilityGlobals) = postSolution
		SolutionGuid = {F53FEA30-146D-4533-866D-750BA2587C27}
	EndGlobalSection
EndGlobal
